
Microsoft Visual Studio Solution File, Format Version 12.00
# Visual Studio Version 16
VisualStudioVersion = 16.0.30011.22
MinimumVisualStudioVersion = 10.0.40219.1
Project("{FAE04EC0-301F-11D3-BF4B-00C04F79EFBC}") = "14052020", "14052020\14052020.csproj", "{60AE7431-0D74-460E-8901-0BF840A5C896}"
EndProject
Global
	GlobalSection(SolutionConfigurationPlatforms) = preSolution
		Debug|Any CPU = Debug|Any CPU
		Release|Any CPU = Release|Any CPU
	EndGlobalSection
	GlobalSection(ProjectConfigurationPlatforms) = postSolution
		{60AE7431-0D74-460E-8901-0BF840A5C896}.Debug|Any CPU.ActiveCfg = Debug|Any CPU
		{60AE7431-0D74-460E-8901-0BF840A5C896}.Debug|Any CPU.Build.0 = Debug|Any CPU
		{60AE7431-0D74-460E-8901-0BF840A5C896}.Release|Any CPU.ActiveCfg = Release|Any CPU
		{60AE7431-0D74-460E-8901-0BF840A5C896}.Release|Any CPU.Build.0 = Release|Any CPU
	EndGlobalSection
	GlobalSection(SolutionProperties) = preSolution
		HideSolutionNode = FALSE
	EndGlobalSection
	GlobalSection(ExtensibilityGlobals) = postSolution
		SolutionGuid = {75DE1BCD-C398-4BE9-A8DB-16335044B5FC}
	EndGlobalSection
EndGlobal
