
Microsoft Visual Studio Solution File, Format Version 12.00
# Visual Studio Version 16
VisualStudioVersion = 16.0.29920.165
MinimumVisualStudioVersion = 10.0.40219.1
Project("{FAE04EC0-301F-11D3-BF4B-00C04F79EFBC}") = "13042020", "13042020\13042020.csproj", "{F18B556A-D828-4D68-AEFE-48B9A51F73A8}"
EndProject
Global
	GlobalSection(SolutionConfigurationPlatforms) = preSolution
		Debug|Any CPU = Debug|Any CPU
		Release|Any CPU = Release|Any CPU
	EndGlobalSection
	GlobalSection(ProjectConfigurationPlatforms) = postSolution
		{F18B556A-D828-4D68-AEFE-48B9A51F73A8}.Debug|Any CPU.ActiveCfg = Debug|Any CPU
		{F18B556A-D828-4D68-AEFE-48B9A51F73A8}.Debug|Any CPU.Build.0 = Debug|Any CPU
		{F18B556A-D828-4D68-AEFE-48B9A51F73A8}.Release|Any CPU.ActiveCfg = Release|Any CPU
		{F18B556A-D828-4D68-AEFE-48B9A51F73A8}.Release|Any CPU.Build.0 = Release|Any CPU
	EndGlobalSection
	GlobalSection(SolutionProperties) = preSolution
		HideSolutionNode = FALSE
	EndGlobalSection
	GlobalSection(ExtensibilityGlobals) = postSolution
		SolutionGuid = {EF512D36-0FE3-4693-806D-E05B7135EBF0}
	EndGlobalSection
EndGlobal
