
Microsoft Visual Studio Solution File, Format Version 12.00
# Visual Studio Version 16
VisualStudioVersion = 16.0.30011.22
MinimumVisualStudioVersion = 10.0.40219.1
Project("{FAE04EC0-301F-11D3-BF4B-00C04F79EFBC}") = "12052020", "12052020\12052020.csproj", "{9DE46D98-135C-41AF-AD04-4142F25F7535}"
EndProject
Global
	GlobalSection(SolutionConfigurationPlatforms) = preSolution
		Debug|Any CPU = Debug|Any CPU
		Release|Any CPU = Release|Any CPU
	EndGlobalSection
	GlobalSection(ProjectConfigurationPlatforms) = postSolution
		{9DE46D98-135C-41AF-AD04-4142F25F7535}.Debug|Any CPU.ActiveCfg = Debug|Any CPU
		{9DE46D98-135C-41AF-AD04-4142F25F7535}.Debug|Any CPU.Build.0 = Debug|Any CPU
		{9DE46D98-135C-41AF-AD04-4142F25F7535}.Release|Any CPU.ActiveCfg = Release|Any CPU
		{9DE46D98-135C-41AF-AD04-4142F25F7535}.Release|Any CPU.Build.0 = Release|Any CPU
	EndGlobalSection
	GlobalSection(SolutionProperties) = preSolution
		HideSolutionNode = FALSE
	EndGlobalSection
	GlobalSection(ExtensibilityGlobals) = postSolution
		SolutionGuid = {409D18E5-CC4E-497D-BFA7-3AD3A6A424DC}
	EndGlobalSection
EndGlobal
