
Microsoft Visual Studio Solution File, Format Version 12.00
# Visual Studio Version 16
VisualStudioVersion = 16.0.30011.22
MinimumVisualStudioVersion = 10.0.40219.1
Project("{FAE04EC0-301F-11D3-BF4B-00C04F79EFBC}") = "26052020", "26052020\26052020.csproj", "{F341644A-8ECB-4FF7-9133-D195475D8E77}"
EndProject
Global
	GlobalSection(SolutionConfigurationPlatforms) = preSolution
		Debug|Any CPU = Debug|Any CPU
		Release|Any CPU = Release|Any CPU
	EndGlobalSection
	GlobalSection(ProjectConfigurationPlatforms) = postSolution
		{F341644A-8ECB-4FF7-9133-D195475D8E77}.Debug|Any CPU.ActiveCfg = Debug|Any CPU
		{F341644A-8ECB-4FF7-9133-D195475D8E77}.Debug|Any CPU.Build.0 = Debug|Any CPU
		{F341644A-8ECB-4FF7-9133-D195475D8E77}.Release|Any CPU.ActiveCfg = Release|Any CPU
		{F341644A-8ECB-4FF7-9133-D195475D8E77}.Release|Any CPU.Build.0 = Release|Any CPU
	EndGlobalSection
	GlobalSection(SolutionProperties) = preSolution
		HideSolutionNode = FALSE
	EndGlobalSection
	GlobalSection(ExtensibilityGlobals) = postSolution
		SolutionGuid = {7CE47451-C950-42F7-8F8F-D3C9FE712C35}
	EndGlobalSection
EndGlobal
