
Microsoft Visual Studio Solution File, Format Version 12.00
# Visual Studio Version 16
VisualStudioVersion = 16.0.30011.22
MinimumVisualStudioVersion = 10.0.40219.1
Project("{FAE04EC0-301F-11D3-BF4B-00C04F79EFBC}") = "11052020", "11052020\11052020.csproj", "{68C28BB6-AE84-4734-8C8F-DB9046267E78}"
EndProject
Global
	GlobalSection(SolutionConfigurationPlatforms) = preSolution
		Debug|Any CPU = Debug|Any CPU
		Release|Any CPU = Release|Any CPU
	EndGlobalSection
	GlobalSection(ProjectConfigurationPlatforms) = postSolution
		{68C28BB6-AE84-4734-8C8F-DB9046267E78}.Debug|Any CPU.ActiveCfg = Debug|Any CPU
		{68C28BB6-AE84-4734-8C8F-DB9046267E78}.Debug|Any CPU.Build.0 = Debug|Any CPU
		{68C28BB6-AE84-4734-8C8F-DB9046267E78}.Release|Any CPU.ActiveCfg = Release|Any CPU
		{68C28BB6-AE84-4734-8C8F-DB9046267E78}.Release|Any CPU.Build.0 = Release|Any CPU
	EndGlobalSection
	GlobalSection(SolutionProperties) = preSolution
		HideSolutionNode = FALSE
	EndGlobalSection
	GlobalSection(ExtensibilityGlobals) = postSolution
		SolutionGuid = {5555F23D-CC9B-40B2-9330-8B40F3B2635D}
	EndGlobalSection
EndGlobal
